Microsoft Visual Studio Solution File, Format Version 11.00
# Visual Studio 2008

Project("{819CFCBD-1DE1-7CA0-AC0B-F4D85F9C8CFC}") = "StrangeIoC", "Assembly-CSharp.csproj", "{EAC2BE19-CB49-F28F-D1D3-60D348B6C15F}"
EndProject
Global
	GlobalSection(SolutionConfigurationPlatforms) = preSolution
		Debug|Any CPU = Debug|Any CPU
		Release|Any CPU = Release|Any CPU
	EndGlobalSection
	GlobalSection(ProjectConfigurationPlatforms) = postSolution
		{EAC2BE19-CB49-F28F-D1D3-60D348B6C15F}.Debug|Any CPU.ActiveCfg = Debug|Any CPU
		{EAC2BE19-CB49-F28F-D1D3-60D348B6C15F}.Debug|Any CPU.Build.0 = Debug|Any CPU
		{EAC2BE19-CB49-F28F-D1D3-60D348B6C15F}.Release|Any CPU.ActiveCfg = Release|Any CPU
		{EAC2BE19-CB49-F28F-D1D3-60D348B6C15F}.Release|Any CPU.Build.0 = Release|Any CPU
	EndGlobalSection
	GlobalSection(SolutionProperties) = preSolution
		HideSolutionNode = FALSE
	EndGlobalSection
	GlobalSection(MonoDevelopProperties) = preSolution
		StartupItem = Assembly-CSharp.csproj
	EndGlobalSection
EndGlobal
